
Microsoft Visual Studio Solution File, Format Version 12.00
# Visual Studio Version 17
VisualStudioVersion = 17.14.36518.9
MinimumVisualStudioVersion = 10.0.40219.1
Project("{FAE04EC0-301F-11D3-BF4B-00C04F79EFBC}") = "editor_entity", "demos\editor_entity\editor_entity.csproj", "{86D5A453-BCA8-7226-34CD-2C8AADF627DA}"
EndProject
Project("{FAE04EC0-301F-11D3-BF4B-00C04F79EFBC}") = "editor_barcode", "demos\editor_barcode\editor_barcode.csproj", "{B4D9AD35-EA5E-45C9-025B-E40D2C8D6BDE}"
EndProject
Project("{2150E333-8FDC-42A3-9474-1A3956D46DE8}") = "Solution Items", "Solution Items", "{8EC462FD-D22E-90A8-E5CE-7E832BA40C5D}"
	ProjectSection(SolutionItems) = preProject
		demos\config.ini = demos\config.ini
		demos\config_syncaxis.ini = demos\config_syncaxis.ini
	EndProjectSection
EndProject
Project("{FAE04EC0-301F-11D3-BF4B-00C04F79EFBC}") = "editor_dio", "demos\editor_dio\editor_dio.csproj", "{E03F9646-7965-35C2-11BD-38672A73206C}"
EndProject
Project("{FAE04EC0-301F-11D3-BF4B-00C04F79EFBC}") = "editor_slicer", "demos\editor_slicer\editor_slicer.csproj", "{18FD4C35-410A-667D-C74C-7B5CAB2C8F05}"
EndProject
Project("{FAE04EC0-301F-11D3-BF4B-00C04F79EFBC}") = "editor_mof_trigger", "demos\editor_mof_trigger\editor_mof_trigger.csproj", "{D934FCC3-237D-10E3-B36C-34720EEDABCB}"
EndProject
Project("{FAE04EC0-301F-11D3-BF4B-00C04F79EFBC}") = "editor_hatch", "demos\editor_hatch\editor_hatch.csproj", "{901E3F3B-6769-A1FB-2949-52B92ED38A2A}"
EndProject
Project("{FAE04EC0-301F-11D3-BF4B-00C04F79EFBC}") = "editor_pen", "demos\editor_pen\editor_pen.csproj", "{0F60FEE3-FC28-52AD-A411-D428F7B60930}"
EndProject
Project("{FAE04EC0-301F-11D3-BF4B-00C04F79EFBC}") = "editor_mof_xy", "demos\editor_mof_xy\editor_mof_xy.csproj", "{3EEC958A-FCD5-66E8-99A6-705C76618A12}"
EndProject
Project("{FAE04EC0-301F-11D3-BF4B-00C04F79EFBC}") = "editor_fieldcorrection_2d", "demos\editor_fieldcorrection_2d\editor_fieldcorrection_2d.csproj", "{23665A5A-3B07-8A75-F017-591F9D4A876C}"
EndProject
Project("{FAE04EC0-301F-11D3-BF4B-00C04F79EFBC}") = "editor_fieldcorrection_3d", "demos\editor_fieldcorrection_3d\editor_fieldcorrection_3d.csproj", "{E4E58B3A-3B03-ADB2-4CB0-F6E6A79FBAD1}"
EndProject
Project("{FAE04EC0-301F-11D3-BF4B-00C04F79EFBC}") = "editor_fieldcorrection_3d_calibration", "demos\editor_fieldcorrection_3d_calibration\editor_fieldcorrection_3d_calibration.csproj", "{7014AF3F-C3CD-7A5B-8E02-B0FFFBD5C3B4}"
EndProject
Project("{FAE04EC0-301F-11D3-BF4B-00C04F79EFBC}") = "editor_multiple", "demos\editor_multiple\editor_multiple.csproj", "{9837F2D9-8794-25F6-7452-9BE6D59041DC}"
EndProject
Project("{FAE04EC0-301F-11D3-BF4B-00C04F79EFBC}") = "editor_alc", "demos\editor_automatic_laser_control\editor_alc.csproj", "{32F53551-5A51-3E90-C54F-BC9846B70A8A}"
EndProject
Project("{FAE04EC0-301F-11D3-BF4B-00C04F79EFBC}") = "editor_measurement_skywriting_wobbel", "demos\editor_measurement_skywriting_wobbel\editor_measurement_skywriting_wobbel.csproj", "{940F698F-C0C5-430B-6981-217F985C6F43}"
EndProject
Global
	GlobalSection(SolutionConfigurationPlatforms) = preSolution
		Debug|Any CPU = Debug|Any CPU
		Release|Any CPU = Release|Any CPU
	EndGlobalSection
	GlobalSection(ProjectConfigurationPlatforms) = postSolution
		{86D5A453-BCA8-7226-34CD-2C8AADF627DA}.Debug|Any CPU.ActiveCfg = Debug|Any CPU
		{86D5A453-BCA8-7226-34CD-2C8AADF627DA}.Debug|Any CPU.Build.0 = Debug|Any CPU
		{86D5A453-BCA8-7226-34CD-2C8AADF627DA}.Release|Any CPU.ActiveCfg = Release|Any CPU
		{86D5A453-BCA8-7226-34CD-2C8AADF627DA}.Release|Any CPU.Build.0 = Release|Any CPU
		{B4D9AD35-EA5E-45C9-025B-E40D2C8D6BDE}.Debug|Any CPU.ActiveCfg = Debug|Any CPU
		{B4D9AD35-EA5E-45C9-025B-E40D2C8D6BDE}.Debug|Any CPU.Build.0 = Debug|Any CPU
		{B4D9AD35-EA5E-45C9-025B-E40D2C8D6BDE}.Release|Any CPU.ActiveCfg = Release|Any CPU
		{B4D9AD35-EA5E-45C9-025B-E40D2C8D6BDE}.Release|Any CPU.Build.0 = Release|Any CPU
		{E03F9646-7965-35C2-11BD-38672A73206C}.Debug|Any CPU.ActiveCfg = Debug|Any CPU
		{E03F9646-7965-35C2-11BD-38672A73206C}.Debug|Any CPU.Build.0 = Debug|Any CPU
		{E03F9646-7965-35C2-11BD-38672A73206C}.Release|Any CPU.ActiveCfg = Release|Any CPU
		{E03F9646-7965-35C2-11BD-38672A73206C}.Release|Any CPU.Build.0 = Release|Any CPU
		{18FD4C35-410A-667D-C74C-7B5CAB2C8F05}.Debug|Any CPU.ActiveCfg = Debug|Any CPU
		{18FD4C35-410A-667D-C74C-7B5CAB2C8F05}.Debug|Any CPU.Build.0 = Debug|Any CPU
		{18FD4C35-410A-667D-C74C-7B5CAB2C8F05}.Release|Any CPU.ActiveCfg = Release|Any CPU
		{18FD4C35-410A-667D-C74C-7B5CAB2C8F05}.Release|Any CPU.Build.0 = Release|Any CPU
		{D934FCC3-237D-10E3-B36C-34720EEDABCB}.Debug|Any CPU.ActiveCfg = Debug|Any CPU
		{D934FCC3-237D-10E3-B36C-34720EEDABCB}.Debug|Any CPU.Build.0 = Debug|Any CPU
		{D934FCC3-237D-10E3-B36C-34720EEDABCB}.Release|Any CPU.ActiveCfg = Release|Any CPU
		{D934FCC3-237D-10E3-B36C-34720EEDABCB}.Release|Any CPU.Build.0 = Release|Any CPU
		{901E3F3B-6769-A1FB-2949-52B92ED38A2A}.Debug|Any CPU.ActiveCfg = Debug|Any CPU
		{901E3F3B-6769-A1FB-2949-52B92ED38A2A}.Debug|Any CPU.Build.0 = Debug|Any CPU
		{901E3F3B-6769-A1FB-2949-52B92ED38A2A}.Release|Any CPU.ActiveCfg = Release|Any CPU
		{901E3F3B-6769-A1FB-2949-52B92ED38A2A}.Release|Any CPU.Build.0 = Release|Any CPU
		{0F60FEE3-FC28-52AD-A411-D428F7B60930}.Debug|Any CPU.ActiveCfg = Debug|Any CPU
		{0F60FEE3-FC28-52AD-A411-D428F7B60930}.Debug|Any CPU.Build.0 = Debug|Any CPU
		{0F60FEE3-FC28-52AD-A411-D428F7B60930}.Release|Any CPU.ActiveCfg = Release|Any CPU
		{0F60FEE3-FC28-52AD-A411-D428F7B60930}.Release|Any CPU.Build.0 = Release|Any CPU
		{3EEC958A-FCD5-66E8-99A6-705C76618A12}.Debug|Any CPU.ActiveCfg = Debug|Any CPU
		{3EEC958A-FCD5-66E8-99A6-705C76618A12}.Debug|Any CPU.Build.0 = Debug|Any CPU
		{3EEC958A-FCD5-66E8-99A6-705C76618A12}.Release|Any CPU.ActiveCfg = Release|Any CPU
		{3EEC958A-FCD5-66E8-99A6-705C76618A12}.Release|Any CPU.Build.0 = Release|Any CPU
		{23665A5A-3B07-8A75-F017-591F9D4A876C}.Debug|Any CPU.ActiveCfg = Debug|Any CPU
		{23665A5A-3B07-8A75-F017-591F9D4A876C}.Debug|Any CPU.Build.0 = Debug|Any CPU
		{23665A5A-3B07-8A75-F017-591F9D4A876C}.Release|Any CPU.ActiveCfg = Release|Any CPU
		{23665A5A-3B07-8A75-F017-591F9D4A876C}.Release|Any CPU.Build.0 = Release|Any CPU
		{E4E58B3A-3B03-ADB2-4CB0-F6E6A79FBAD1}.Debug|Any CPU.ActiveCfg = Debug|Any CPU
		{E4E58B3A-3B03-ADB2-4CB0-F6E6A79FBAD1}.Debug|Any CPU.Build.0 = Debug|Any CPU
		{E4E58B3A-3B03-ADB2-4CB0-F6E6A79FBAD1}.Release|Any CPU.ActiveCfg = Release|Any CPU
		{E4E58B3A-3B03-ADB2-4CB0-F6E6A79FBAD1}.Release|Any CPU.Build.0 = Release|Any CPU
		{7014AF3F-C3CD-7A5B-8E02-B0FFFBD5C3B4}.Debug|Any CPU.ActiveCfg = Debug|Any CPU
		{7014AF3F-C3CD-7A5B-8E02-B0FFFBD5C3B4}.Debug|Any CPU.Build.0 = Debug|Any CPU
		{7014AF3F-C3CD-7A5B-8E02-B0FFFBD5C3B4}.Release|Any CPU.ActiveCfg = Release|Any CPU
		{7014AF3F-C3CD-7A5B-8E02-B0FFFBD5C3B4}.Release|Any CPU.Build.0 = Release|Any CPU
		{9837F2D9-8794-25F6-7452-9BE6D59041DC}.Debug|Any CPU.ActiveCfg = Debug|Any CPU
		{9837F2D9-8794-25F6-7452-9BE6D59041DC}.Debug|Any CPU.Build.0 = Debug|Any CPU
		{9837F2D9-8794-25F6-7452-9BE6D59041DC}.Release|Any CPU.ActiveCfg = Release|Any CPU
		{9837F2D9-8794-25F6-7452-9BE6D59041DC}.Release|Any CPU.Build.0 = Release|Any CPU
		{32F53551-5A51-3E90-C54F-BC9846B70A8A}.Debug|Any CPU.ActiveCfg = Debug|Any CPU
		{32F53551-5A51-3E90-C54F-BC9846B70A8A}.Debug|Any CPU.Build.0 = Debug|Any CPU
		{32F53551-5A51-3E90-C54F-BC9846B70A8A}.Release|Any CPU.ActiveCfg = Release|Any CPU
		{32F53551-5A51-3E90-C54F-BC9846B70A8A}.Release|Any CPU.Build.0 = Release|Any CPU
		{940F698F-C0C5-430B-6981-217F985C6F43}.Debug|Any CPU.ActiveCfg = Debug|Any CPU
		{940F698F-C0C5-430B-6981-217F985C6F43}.Debug|Any CPU.Build.0 = Debug|Any CPU
		{940F698F-C0C5-430B-6981-217F985C6F43}.Release|Any CPU.ActiveCfg = Release|Any CPU
		{940F698F-C0C5-430B-6981-217F985C6F43}.Release|Any CPU.Build.0 = Release|Any CPU
	EndGlobalSection
	GlobalSection(SolutionProperties) = preSolution
		HideSolutionNode = FALSE
	EndGlobalSection
	GlobalSection(ExtensibilityGlobals) = postSolution
		SolutionGuid = {000F670B-8A0B-43D4-93CC-FEECC1E7AFCA}
	EndGlobalSection
EndGlobal
